<?xml version="1.0" encoding="utf-8"?>
<Project ToolsVersion="4.0" xmlns="http://schemas.microsoft.com/developer/msbuild/2003">
  <ItemGroup>
    <Filter Include="Shaders">
      <UniqueIdentifier>{9f64f4ff-d9e0-43d7-88e1-13e6d3656a89}</UniqueIdentifier>
      <Extensions>hlsl;hlsli</Extensions>
    </Filter>
    <Filter Include="Resources">
      <UniqueIdentifier>{67DA6AB6-F800-4c08-8B7A-83BB121AAD01}</UniqueIdentifier>
      <Extensions>rc;ico;cur;bmp;dlg;rc2;rct;bin;rgs;gif;jpg;jpeg;jpe;resx;tiff;tif;png;wav;mfcribbon-ms</Extensions>
    </Filter>
    <Filter Include="Shaders\Mesh">
      <UniqueIdentifier>{86bb4e0d-5514-4d4f-8167-96cde3315a03}</UniqueIdentifier>
    </Filter>
    <Filter Include="Shaders\Sprite">
      <UniqueIdentifier>{63f1494e-5734-4644-bfd0-6e9da7d3916f}</UniqueIdentifier>
    </Filter>
    <Filter Include="Shaders\Mesh\static">
      <UniqueIdentifier>{9c9e8e29-73a7-4508-87ee-ea8969e34d6a}</UniqueIdentifier>
    </Filter>
    <Filter Include="Shaders\Mesh\object">
      <UniqueIdentifier>{431b9bcb-d4f0-4c34-a28a-4caa248835e9}</UniqueIdentifier>
    </Filter>
    <Filter Include="Shaders\Mesh\ramp">
      <UniqueIdentifier>{b3708462-bb09-47ff-8f91-90f224f5ec44}</UniqueIdentifier>
    </Filter>
    <Filter Include="sources">
      <UniqueIdentifier>{4FC737F1-C7A5-4376-A066-2A32D752A2FF}</UniqueIdentifier>
      <Extensions>cpp;c;cc;cxx;def;odl;idl;hpj;bat;asm;asmx</Extensions>
    </Filter>
    <Filter Include="sources\Charactor">
      <UniqueIdentifier>{cb6bb1e5-694e-4c9c-877b-6f24cc7edb2c}</UniqueIdentifier>
    </Filter>
    <Filter Include="sources\Graphics">
      <UniqueIdentifier>{596d01fe-23de-46e3-8e0c-32ba2373b0be}</UniqueIdentifier>
    </Filter>
    <Filter Include="sources\Device">
      <UniqueIdentifier>{931c8533-65fc-46a9-aa84-1587abbb70ed}</UniqueIdentifier>
    </Filter>
    <Filter Include="sources\Framework">
      <UniqueIdentifier>{37fff879-474a-40c1-81c1-dcae71e16439}</UniqueIdentifier>
    </Filter>
    <Filter Include="sources\Models">
      <UniqueIdentifier>{b9af5d0a-f613-4054-99d7-7f00546ff5b8}</UniqueIdentifier>
    </Filter>
    <Filter Include="sources\Scene">
      <UniqueIdentifier>{3c4a5fe8-96a4-43c4-8d71-208087e63c4c}</UniqueIdentifier>
    </Filter>
    <Filter Include="sources\Sprite">
      <UniqueIdentifier>{ff5ee16a-76ce-498a-aeae-e5b460a3f7a0}</UniqueIdentifier>
    </Filter>
    <Filter Include="sources\Stage">
      <UniqueIdentifier>{09881e05-183a-45fe-99dd-426be624b3e3}</UniqueIdentifier>
    </Filter>
    <Filter Include="sources\Effects">
      <UniqueIdentifier>{b1e10ebe-0790-4636-818b-34ceaa30c56c}</UniqueIdentifier>
    </Filter>
    <Filter Include="Shaders\Mesh\default">
      <UniqueIdentifier>{b60291f5-8785-40ce-803c-3341c1848861}</UniqueIdentifier>
    </Filter>
    <Filter Include="sources\Collision">
      <UniqueIdentifier>{20e10243-8636-40a5-b4c3-0315cefe7ac4}</UniqueIdentifier>
    </Filter>
    <Filter Include="Shaders\Effect">
      <UniqueIdentifier>{5e996cb6-1d57-48e7-92c5-2ac0cf7a86ca}</UniqueIdentifier>
    </Filter>
    <Filter Include="Shaders\Effect\Particle">
      <UniqueIdentifier>{8473f755-15ee-46f5-8020-e1504d9a8d94}</UniqueIdentifier>
    </Filter>
    <Filter Include="sources\Shader">
      <UniqueIdentifier>{60bca099-3460-4c6e-a294-9b5ca7fa691e}</UniqueIdentifier>
    </Filter>
    <Filter Include="Shaders\defferd">
      <UniqueIdentifier>{23424afd-b215-4f78-8dc3-f11042681036}</UniqueIdentifier>
    </Filter>
    <Filter Include="Shaders\Mesh\PBR">
      <UniqueIdentifier>{434ffea4-9fc4-421e-887d-6d7bdf04534a}</UniqueIdentifier>
    </Filter>
    <Filter Include="imgui">
      <UniqueIdentifier>{d3d6761c-3f53-4ce3-a33c-5d6222010c45}</UniqueIdentifier>
    </Filter>
    <Filter Include="Shaders\Effect\BossEffect">
      <UniqueIdentifier>{507599fc-a29c-424d-b3d8-30c49aa22558}</UniqueIdentifier>
    </Filter>
    <Filter Include="Shaders\Effect\Particle\FieldSpark">
      <UniqueIdentifier>{7043982d-7bd3-4f9b-8583-d18110b31235}</UniqueIdentifier>
    </Filter>
    <Filter Include="Shaders\Effect\Slash">
      <UniqueIdentifier>{1b894f44-b6d2-4571-ae42-fddb53a36e63}</UniqueIdentifier>
    </Filter>
    <Filter Include="sources\Effects\Thunder">
      <UniqueIdentifier>{3c4f444e-db8b-4c74-b586-10cb6d6638a2}</UniqueIdentifier>
    </Filter>
    <Filter Include="sources\Effects\Particle">
      <UniqueIdentifier>{9cec6113-21e9-4ad4-a227-2f0bc708ced9}</UniqueIdentifier>
    </Filter>
    <Filter Include="sources\Camera">
      <UniqueIdentifier>{7b2c2161-2e6e-43fb-a5b4-67ae54e56e36}</UniqueIdentifier>
    </Filter>
    <Filter Include="Shaders\Mesh\lambert">
      <UniqueIdentifier>{f4c2f54b-84e3-46c1-8607-704edac40247}</UniqueIdentifier>
    </Filter>
    <Filter Include="sources\Charactor\Boss">
      <UniqueIdentifier>{c69ae893-1ae0-4d91-a062-e27ae936927f}</UniqueIdentifier>
    </Filter>
    <Filter Include="sources\Charactor\Player">
      <UniqueIdentifier>{4b835f94-b299-4bbb-b458-3436d68e52b6}</UniqueIdentifier>
    </Filter>
    <Filter Include="sources\Effects\PostEffects">
      <UniqueIdentifier>{aa4a1f7b-7194-480f-a024-4c46d037d94b}</UniqueIdentifier>
    </Filter>
    <Filter Include="sources\Effects\BossEffects">
      <UniqueIdentifier>{df664513-4e97-4cfe-934b-bb9925c96237}</UniqueIdentifier>
    </Filter>
    <Filter Include="Shaders\Effect\BossEffect\ChargeAttack">
      <UniqueIdentifier>{6b63490c-b332-4eee-93b1-6ef957c513a9}</UniqueIdentifier>
    </Filter>
    <Filter Include="Shaders\Effect\PostEffect">
      <UniqueIdentifier>{1dcc6f28-a0fd-4a0f-986a-b8b9e300f369}</UniqueIdentifier>
    </Filter>
    <Filter Include="Shaders\Effect\PostEffect\Gauss">
      <UniqueIdentifier>{6caf5430-5e90-4c6c-a043-06df7e96fd24}</UniqueIdentifier>
    </Filter>
    <Filter Include="Shaders\Effect\PlayerEffect">
      <UniqueIdentifier>{86571ec1-0504-499f-81ad-6d32f8abd92f}</UniqueIdentifier>
    </Filter>
    <Filter Include="sources\Debug">
      <UniqueIdentifier>{cb9fd3cf-5102-4ff5-aeb6-62cd327400cd}</UniqueIdentifier>
    </Filter>
    <Filter Include="Shaders\debug">
      <UniqueIdentifier>{bb5c8544-61fc-48e6-b286-7638bd64552a}</UniqueIdentifier>
    </Filter>
    <Filter Include="sources\Wepon">
      <UniqueIdentifier>{dab4fd8d-dbcd-406b-9d17-ee0a49b16d2a}</UniqueIdentifier>
    </Filter>
    <Filter Include="sources\Skill">
      <UniqueIdentifier>{ad9505eb-d564-4263-9b06-9c97f7056134}</UniqueIdentifier>
    </Filter>
    <Filter Include="sources\Skill\PhycicalUp">
      <UniqueIdentifier>{29d789b2-5289-49f7-b253-6ac6b71a2197}</UniqueIdentifier>
    </Filter>
    <Filter Include="sources\Skill\Regenerate">
      <UniqueIdentifier>{c59b8865-e456-4563-9966-83f8ce59e8c7}</UniqueIdentifier>
    </Filter>
    <Filter Include="sources\Skill\Restraint">
      <UniqueIdentifier>{d52cf4a6-4c2e-46a4-8afe-79805ad9b850}</UniqueIdentifier>
    </Filter>
    <Filter Include="sources\Skill\MagicBullet">
      <UniqueIdentifier>{43cd0d33-9de5-43a8-b0cf-0a9a6a68c1a2}</UniqueIdentifier>
    </Filter>
    <Filter Include="sources\Skill\SpearsSea">
      <UniqueIdentifier>{2fc47372-1a3e-4fee-990a-89ef9e30ad1d}</UniqueIdentifier>
    </Filter>
    <Filter Include="sources\Skill\SkillUI">
      <UniqueIdentifier>{212b46ba-16d3-436c-93b6-ddfe01a0164e}</UniqueIdentifier>
    </Filter>
    <Filter Include="sources\Skill\BaseClass">
      <UniqueIdentifier>{804c20bb-0249-49ba-9704-8e74c60ccde4}</UniqueIdentifier>
    </Filter>
    <Filter Include="sources\Skill\Manager">
      <UniqueIdentifier>{b428af18-5099-4539-950e-6ebce91a8070}</UniqueIdentifier>
    </Filter>
    <Filter Include="Shaders\Effect\MeshEffect">
      <UniqueIdentifier>{8201bb88-2414-4092-ac07-56ede52a3eff}</UniqueIdentifier>
    </Filter>
    <Filter Include="sources\ResourceManager">
      <UniqueIdentifier>{b0a6bb58-bc19-4ea9-9850-89c90f76ff10}</UniqueIdentifier>
    </Filter>
    <Filter Include="sources\User">
      <UniqueIdentifier>{1ed87064-32fe-41ee-bdc9-5b3f8052df80}</UniqueIdentifier>
    </Filter>
    <Filter Include="sources\Constant">
      <UniqueIdentifier>{a729157c-d24e-4801-b6c4-1e014bedce09}</UniqueIdentifier>
    </Filter>
    <Filter Include="Shaders\Effect\Fire">
      <UniqueIdentifier>{e7f35317-9613-4665-850e-afaba283788b}</UniqueIdentifier>
    </Filter>
    <Filter Include="Shaders\Constant">
      <UniqueIdentifier>{c8e470e0-5069-4529-bb5a-5c544d331c52}</UniqueIdentifier>
    </Filter>
    <Filter Include="Shaders\Mesh\shadow">
      <UniqueIdentifier>{89d9481b-debe-49ba-85fb-a3bf326d817c}</UniqueIdentifier>
    </Filter>
    <Filter Include="Shaders\Mesh\geometry">
      <UniqueIdentifier>{b76d8788-061e-4644-a5e7-852d6bfda2d8}</UniqueIdentifier>
    </Filter>
    <Filter Include="sources\Effects\MeshEffect">
      <UniqueIdentifier>{d1f132fc-e30a-43e4-bbf8-aba00e109e72}</UniqueIdentifier>
    </Filter>
    <Filter Include="Shaders\Mesh\instancing">
      <UniqueIdentifier>{d01b2f44-b6e8-4de9-9978-12854b3c56a7}</UniqueIdentifier>
    </Filter>
    <Filter Include="Shaders\Effect\Particle\gpu_particle">
      <UniqueIdentifier>{bed01cc4-bb4d-4a49-bf44-972113e658ea}</UniqueIdentifier>
    </Filter>
    <Filter Include="Shaders\Effect\Particle\object_particle">
      <UniqueIdentifier>{2671a355-c055-4286-91d1-56177fcd3918}</UniqueIdentifier>
    </Filter>
    <Filter Include="sources\UI">
      <UniqueIdentifier>{2c760045-fcf6-47ae-be77-58e7e7bf73d6}</UniqueIdentifier>
    </Filter>
    <Filter Include="Shaders\Effect\Player">
      <UniqueIdentifier>{3f8c1fda-e96b-4e28-8c0a-ab5c55684d49}</UniqueIdentifier>
    </Filter>
    <Filter Include="sources\Material">
      <UniqueIdentifier>{76bcf970-cbd4-4492-a1bd-c5a21c0404bf}</UniqueIdentifier>
    </Filter>
    <Filter Include="sources\Material\Manager">
      <UniqueIdentifier>{0346f51b-0b18-4adc-a39b-2a0b8b9c40e9}</UniqueIdentifier>
    </Filter>
    <Filter Include="sources\Material\Base">
      <UniqueIdentifier>{25c2e9ac-42fe-4a6d-900b-0b113debf28b}</UniqueIdentifier>
    </Filter>
    <Filter Include="sources\Material\FireDistortion">
      <UniqueIdentifier>{5610701d-9bd3-4751-bb6c-356ee87cad49}</UniqueIdentifier>
    </Filter>
    <Filter Include="sources\Material\Meteore">
      <UniqueIdentifier>{2be40a1e-7a01-4c8e-96c0-c8f8ffacab47}</UniqueIdentifier>
    </Filter>
    <Filter Include="sources\Tutorial">
      <UniqueIdentifier>{01df8133-4bc6-46cb-8048-569d9d55d7f9}</UniqueIdentifier>
    </Filter>
    <Filter Include="sources\Effects\Particle\GPUParticle">
      <UniqueIdentifier>{dd6ac443-3040-4df3-93c5-18f2b6dba0af}</UniqueIdentifier>
    </Filter>
    <Filter Include="Shaders\Effect\Particle\sprite_particle">
      <UniqueIdentifier>{0030c2d0-3661-4c76-9b1d-68377a7d5e29}</UniqueIdentifier>
    </Filter>
    <Filter Include="sources\Effects\Particle\SpriteEmitter">
      <UniqueIdentifier>{16beab85-de27-4408-9f8f-6cb729f88b5d}</UniqueIdentifier>
    </Filter>
    <Filter Include="sources\Effects\Particle\MeshEmitter">
      <UniqueIdentifier>{26a36b64-a91f-4ccd-bf2b-d4563189dafe}</UniqueIdentifier>
    </Filter>
    <Filter Include="sources\Material\Thunder">
      <UniqueIdentifier>{6c73317c-836b-45ed-8093-357adf7aab8d}</UniqueIdentifier>
    </Filter>
    <Filter Include="sources\Charactor\Boss\Attack">
      <UniqueIdentifier>{d9646814-3a95-4b43-a627-560b1a985490}</UniqueIdentifier>
    </Filter>
    <Filter Include="sources\Charactor\Boss\Attack\ChargeAttack">
      <UniqueIdentifier>{ccafdc37-edf3-4a9e-8b6c-067edae44093}</UniqueIdentifier>
    </Filter>
    <Filter Include="sources\Charactor\Boss\Attack\AttackSkill1">
      <UniqueIdentifier>{a4f4ab19-74aa-4c94-92fc-d3d7dd3e09ff}</UniqueIdentifier>
    </Filter>
    <Filter Include="sources\Charactor\Boss\Attack\AttackSkill3">
      <UniqueIdentifier>{316cf841-06b0-48c5-af83-73fa3ad91882}</UniqueIdentifier>
    </Filter>
    <Filter Include="Shaders\Effect\Player\HitEffect">
      <UniqueIdentifier>{bb4507da-05bd-41c5-ac90-c99e4e112b0f}</UniqueIdentifier>
    </Filter>
    <Filter Include="sources\Light">
      <UniqueIdentifier>{cf080af7-6f4f-4e28-b163-2c0a7a2adec9}</UniqueIdentifier>
    </Filter>
    <Filter Include="sources\Charactor\Boss\Attack\Meteorite">
      <UniqueIdentifier>{836e2453-5a26-443e-b6a1-1f6d2d898d41}</UniqueIdentifier>
    </Filter>
    <Filter Include="sources\Skill\LightningRain">
      <UniqueIdentifier>{9c7982a9-ade6-4235-8bf6-3000ba86b5ec}</UniqueIdentifier>
    </Filter>
    <Filter Include="sources\Skill\SlashWave">
      <UniqueIdentifier>{4a040ebd-eccb-4756-b6dd-3d50768b2685}</UniqueIdentifier>
    </Filter>
    <Filter Include="Shaders\Title">
      <UniqueIdentifier>{6845bda5-282a-4947-bf28-da9ded5cb05a}</UniqueIdentifier>
    </Filter>
  </ItemGroup>
  <ItemGroup>
    <ClCompile Include="sources\framework.cpp">
      <Filter>sources\Framework</Filter>
    </ClCompile>
    <ClCompile Include="sources\geometric_primitive.cpp">
      <Filter>sources\Models</Filter>
    </ClCompile>
    <ClCompile Include="sources\main.cpp">
      <Filter>sources\Framework</Filter>
    </ClCompile>
    <ClCompile Include="sources\skeletal_mesh.cpp">
      <Filter>sources\Models</Filter>
    </ClCompile>
    <ClCompile Include="sources\sprite.cpp">
      <Filter>sources\Sprite</Filter>
    </ClCompile>
    <ClCompile Include="sources\sprite_batch.cpp">
      <Filter>sources\Sprite</Filter>
    </ClCompile>
    <ClCompile Include="sources\SpriteDissolve.cpp">
      <Filter>sources\Sprite</Filter>
    </ClCompile>
    <ClCompile Include="sources\static_mesh.cpp">
      <Filter>sources\Models</Filter>
    </ClCompile>
    <ClCompile Include="sources\scene_title.cpp">
      <Filter>sources\Scene</Filter>
    </ClCompile>
    <ClCompile Include="sources\scene_manager.cpp">
      <Filter>sources\Scene</Filter>
    </ClCompile>
    <ClCompile Include="sources\scene_game.cpp">
      <Filter>sources\Scene</Filter>
    </ClCompile>
    <ClCompile Include="sources\game_pad.cpp">
      <Filter>sources\Device</Filter>
    </ClCompile>
    <ClCompile Include="sources\mouse.cpp">
      <Filter>sources\Device</Filter>
    </ClCompile>
    <ClCompile Include="sources\scene_loading.cpp">
      <Filter>sources\Scene</Filter>
    </ClCompile>
    <ClCompile Include="sources\device.cpp">
      <Filter>sources\Device</Filter>
    </ClCompile>
    <ClCompile Include="sources\charactor.cpp">
      <Filter>sources\Charactor</Filter>
    </ClCompile>
    <ClCompile Include="sources\graphics.cpp">
      <Filter>sources\Graphics</Filter>
    </ClCompile>
    <ClCompile Include="sources\collision.cpp">
      <Filter>sources\Collision</Filter>
    </ClCompile>
    <ClCompile Include="sources\trail.cpp">
      <Filter>sources\Effects</Filter>
    </ClCompile>
    <ClCompile Include="sources\shader.cpp">
      <Filter>sources\Shader</Filter>
    </ClCompile>
    <ClCompile Include="sources\lambert_shader.cpp">
      <Filter>sources\Shader</Filter>
    </ClCompile>
    <ClCompile Include="sources\model_resource.cpp">
      <Filter>sources\Models</Filter>
    </ClCompile>
    <ClCompile Include="sources\g_buffer.cpp">
      <Filter>sources\Graphics</Filter>
    </ClCompile>
    <ClCompile Include="sources\deferred_renderer.cpp">
      <Filter>sources\Graphics</Filter>
    </ClCompile>
    <ClCompile Include="sources\sky_box.cpp">
      <Filter>sources\Stage</Filter>
    </ClCompile>
    <ClCompile Include="sources\PBR_shader.cpp">
      <Filter>sources\Shader</Filter>
    </ClCompile>
    <ClCompile Include="sources\stage_main.cpp">
      <Filter>sources\Stage</Filter>
    </ClCompile>
    <ClCompile Include="sources\stage_manager.cpp">
      <Filter>sources\Stage</Filter>
    </ClCompile>
    <ClCompile Include="external\imgui\imgui.cpp">
      <Filter>imgui</Filter>
    </ClCompile>
    <ClCompile Include="external\imgui\imgui_demo.cpp">
      <Filter>imgui</Filter>
    </ClCompile>
    <ClCompile Include="external\imgui\imgui_draw.cpp">
      <Filter>imgui</Filter>
    </ClCompile>
    <ClCompile Include="external\imgui\imgui_impl_dx11.cpp">
      <Filter>imgui</Filter>
    </ClCompile>
    <ClCompile Include="external\imgui\imgui_impl_win32.cpp">
      <Filter>imgui</Filter>
    </ClCompile>
    <ClCompile Include="external\imgui\imgui_ja_gryph_ranges.cpp">
      <Filter>imgui</Filter>
    </ClCompile>
    <ClCompile Include="external\imgui\imgui_tables.cpp">
      <Filter>imgui</Filter>
    </ClCompile>
    <ClCompile Include="external\imgui\imgui_widgets.cpp">
      <Filter>imgui</Filter>
    </ClCompile>
    <ClCompile Include="sources\particle.cpp">
      <Filter>sources\Effects\Particle</Filter>
    </ClCompile>
    <ClCompile Include="sources\thunder.cpp">
      <Filter>sources\Effects\Thunder</Filter>
    </ClCompile>
    <ClCompile Include="sources\camera.cpp">
      <Filter>sources\Camera</Filter>
    </ClCompile>
    <ClCompile Include="sources\mesh_shader.cpp">
      <Filter>sources\Shader</Filter>
    </ClCompile>
    <ClCompile Include="sources\boss.cpp">
      <Filter>sources\Charactor\Boss</Filter>
    </ClCompile>
    <ClCompile Include="sources\boss_action.cpp">
      <Filter>sources\Charactor\Boss</Filter>
    </ClCompile>
    <ClCompile Include="sources\player.cpp">
      <Filter>sources\Charactor\Player</Filter>
    </ClCompile>
    <ClCompile Include="sources\player_action.cpp">
      <Filter>sources\Charactor\Player</Filter>
    </ClCompile>
    <ClCompile Include="sources\bloom.cpp">
      <Filter>sources\Effects\PostEffects</Filter>
    </ClCompile>
    <ClCompile Include="sources\post_effects.cpp">
      <Filter>sources\Effects\PostEffects</Filter>
    </ClCompile>
    <ClCompile Include="sources\light.cpp">
      <Filter>sources\Light</Filter>
    </ClCompile>
    <ClCompile Include="sources\light_manager.cpp">
      <Filter>sources\Light</Filter>
    </ClCompile>
    <ClCompile Include="sources\boss_charge_attack.cpp">
      <Filter>sources\Charactor\Boss\Attack\ChargeAttack</Filter>
    </ClCompile>
    <ClCompile Include="sources\debug_figures.cpp">
      <Filter>sources\Debug</Filter>
    </ClCompile>
    <ClCompile Include="sources\debug_flag.cpp">
      <Filter>sources\Debug</Filter>
    </ClCompile>
    <ClCompile Include="sources\generic_frequent_entities.cpp">
      <Filter>sources\Framework</Filter>
    </ClCompile>
    <ClCompile Include="sources\sword.cpp">
      <Filter>sources\Wepon</Filter>
    </ClCompile>
    <ClCompile Include="sources\skill_physical_up.cpp">
      <Filter>sources\Skill\PhycicalUp</Filter>
    </ClCompile>
    <ClCompile Include="sources\skill_regenerate.cpp">
      <Filter>sources\Skill\Regenerate</Filter>
    </ClCompile>
    <ClCompile Include="sources\skill_restraint.cpp">
      <Filter>sources\Skill\Restraint</Filter>
    </ClCompile>
    <ClCompile Include="sources\skill_magic_bullet.cpp">
      <Filter>sources\Skill\MagicBullet</Filter>
    </ClCompile>
    <ClCompile Include="sources\skill_spears_sea.cpp">
      <Filter>sources\Skill\SpearsSea</Filter>
    </ClCompile>
    <ClCompile Include="sources\skill_ui.cpp">
      <Filter>sources\Skill\SkillUI</Filter>
    </ClCompile>
    <ClCompile Include="sources\skill_launcher.cpp">
      <Filter>sources\Skill\BaseClass</Filter>
    </ClCompile>
    <ClCompile Include="sources\magic_bullet_launcher.cpp">
      <Filter>sources\Skill\MagicBullet</Filter>
    </ClCompile>
    <ClCompile Include="sources\physical_up_launcher.cpp">
      <Filter>sources\Skill\PhycicalUp</Filter>
    </ClCompile>
    <ClCompile Include="sources\regenerate_launcher.cpp">
      <Filter>sources\Skill\Regenerate</Filter>
    </ClCompile>
    <ClCompile Include="sources\restraint_launcher.cpp">
      <Filter>sources\Skill\Restraint</Filter>
    </ClCompile>
    <ClCompile Include="sources\spears_sea_launcher.cpp">
      <Filter>sources\Skill\SpearsSea</Filter>
    </ClCompile>
    <ClCompile Include="sources\skill_manager.cpp">
      <Filter>sources\Skill\Manager</Filter>
    </ClCompile>
    <ClCompile Include="sources\fullscreen_quad.cpp">
      <Filter>sources\Graphics</Filter>
    </ClCompile>
    <ClCompile Include="sources\framebuffer.cpp">
      <Filter>sources\Graphics</Filter>
    </ClCompile>
    <ClCompile Include="sources\texture.cpp">
      <Filter>sources\Sprite</Filter>
    </ClCompile>
    <ClCompile Include="sources\resource_manager.cpp">
      <Filter>sources\ResourceManager</Filter>
    </ClCompile>
    <ClCompile Include="sources\move_behavior.cpp">
      <Filter>sources\Charactor</Filter>
    </ClCompile>
    <ClCompile Include="sources\shadow_map_shader.cpp">
      <Filter>sources\Shader</Filter>
    </ClCompile>
    <ClCompile Include="sources\mesh_effect.cpp">
      <Filter>sources\Effects\MeshEffect</Filter>
    </ClCompile>
    <ClCompile Include="sources\instancing_mesh.cpp">
      <Filter>sources\Models</Filter>
    </ClCompile>
    <ClCompile Include="sources\instance_mesh_effect.cpp">
      <Filter>sources\Effects\MeshEffect</Filter>
    </ClCompile>
    <ClCompile Include="sources\boss_ui.cpp">
      <Filter>sources\Charactor\Boss</Filter>
    </ClCompile>
    <ClCompile Include="sources\gauge_ui.cpp">
      <Filter>sources\UI</Filter>
    </ClCompile>
    <ClCompile Include="sources\player_ui.cpp">
      <Filter>sources\Charactor\Player</Filter>
    </ClCompile>
    <ClCompile Include="sources\meteore.cpp">
      <Filter>sources\Charactor\Boss\Attack\Meteorite</Filter>
    </ClCompile>
    <ClCompile Include="sources\noise.cpp">
      <Filter>sources\User</Filter>
    </ClCompile>
    <ClCompile Include="sources\material_manager.cpp">
      <Filter>sources\Material\Manager</Filter>
    </ClCompile>
    <ClCompile Include="sources\material.cpp">
      <Filter>sources\Material\Base</Filter>
    </ClCompile>
    <ClCompile Include="sources\mat_fire_distortion.cpp">
      <Filter>sources\Material\FireDistortion</Filter>
    </ClCompile>
    <ClCompile Include="sources\mat_meteore.cpp">
      <Filter>sources\Material\Meteore</Filter>
    </ClCompile>
    <ClCompile Include="sources\tutorial.cpp">
      <Filter>sources\Tutorial</Filter>
    </ClCompile>
    <ClCompile Include="sources\emitter.cpp">
      <Filter>sources\Effects\Particle</Filter>
    </ClCompile>
    <ClCompile Include="sources\coordinate_convert.cpp">
      <Filter>sources\User</Filter>
    </ClCompile>
    <ClCompile Include="sources\field_spark_particle.cpp">
      <Filter>sources\Effects\Particle\GPUParticle</Filter>
    </ClCompile>
    <ClCompile Include="sources\gpu_particle.cpp">
      <Filter>sources\Effects\Particle\GPUParticle</Filter>
    </ClCompile>
    <ClCompile Include="sources\object_particle.cpp">
      <Filter>sources\Effects\Particle\GPUParticle</Filter>
    </ClCompile>
    <ClCompile Include="sources\skin_particles.cpp">
      <Filter>sources\Effects\Particle\GPUParticle</Filter>
    </ClCompile>
    <ClCompile Include="sources\particle_system.cpp">
      <Filter>sources\Effects\Particle</Filter>
    </ClCompile>
    <ClCompile Include="sources\mat_lightning.cpp">
      <Filter>sources\Material\Thunder</Filter>
    </ClCompile>
    <ClCompile Include="sources\boss_attack_skill1.cpp">
      <Filter>sources\Charactor\Boss\Attack\AttackSkill1</Filter>
    </ClCompile>
    <ClCompile Include="sources\sprite_emitter.cpp">
      <Filter>sources\Effects\Particle\SpriteEmitter</Filter>
    </ClCompile>
    <ClCompile Include="sources\scene_tutorial.cpp">
      <Filter>sources\Scene</Filter>
    </ClCompile>
    <ClCompile Include="sources\boss_attack_skill3.cpp">
      <Filter>sources\Charactor\Boss\Attack\AttackSkill3</Filter>
    </ClCompile>
    <ClCompile Include="sources\skill_lightning_rain.cpp">
      <Filter>sources\Skill\LightningRain</Filter>
    </ClCompile>
    <ClCompile Include="sources\lightning_rain_launcher.cpp">
      <Filter>sources\Skill\LightningRain</Filter>
    </ClCompile>
    <ClCompile Include="sources\slash_wave_launcher.cpp">
      <Filter>sources\Skill\SlashWave</Filter>
    </ClCompile>
    <ClCompile Include="sources\skill_slash_wave.cpp">
      <Filter>sources\Skill\SlashWave</Filter>
    </ClCompile>
  </ItemGroup>
  <ItemGroup>
    <ClInclude Include="sources\fullscreen_quad.h">
      <Filter>sources\Framework</Filter>
    </ClInclude>
    <ClInclude Include="sources\framework.h">
      <Filter>sources\Framework</Filter>
    </ClInclude>
    <ClInclude Include="sources\geometric_primitive.h">
      <Filter>sources\Models</Filter>
    </ClInclude>
    <ClInclude Include="sources\high_resolution_timer.h">
      <Filter>sources\Framework</Filter>
    </ClInclude>
    <ClInclude Include="sources\misc.h">
      <Filter>sources\Framework</Filter>
    </ClInclude>
    <ClInclude Include="sources\skeletal_mesh.h">
      <Filter>sources\Models</Filter>
    </ClInclude>
    <ClInclude Include="sources\sprite.h">
      <Filter>sources\Sprite</Filter>
    </ClInclude>
    <ClInclude Include="sources\sprite_batch.h">
      <Filter>sources\Sprite</Filter>
    </ClInclude>
    <ClInclude Include="sources\SpriteDissolve.h">
      <Filter>sources\Sprite</Filter>
    </ClInclude>
    <ClInclude Include="sources\static_mesh.h">
      <Filter>sources\Models</Filter>
    </ClInclude>
    <ClInclude Include="sources\scene_title.h">
      <Filter>sources\Scene</Filter>
    </ClInclude>
    <ClInclude Include="sources\scene_manager.h">
      <Filter>sources\Scene</Filter>
    </ClInclude>
    <ClInclude Include="sources\scene.h">
      <Filter>sources\Scene</Filter>
    </ClInclude>
    <ClInclude Include="sources\scene_game.h">
      <Filter>sources\Scene</Filter>
    </ClInclude>
    <ClInclude Include="sources\game_pad.h">
      <Filter>sources\Device</Filter>
    </ClInclude>
    <ClInclude Include="sources\mouse.h">
      <Filter>sources\Device</Filter>
    </ClInclude>
    <ClInclude Include="sources\scene_loading.h">
      <Filter>sources\Scene</Filter>
    </ClInclude>
    <ClInclude Include="sources\device.h">
      <Filter>sources\Device</Filter>
    </ClInclude>
    <ClInclude Include="sources\charactor.h">
      <Filter>sources\Charactor</Filter>
    </ClInclude>
    <ClInclude Include="sources\stage.h">
      <Filter>sources\Stage</Filter>
    </ClInclude>
    <ClInclude Include="sources\graphics.h">
      <Filter>sources\Graphics</Filter>
    </ClInclude>
    <ClInclude Include="sources\collision.h">
      <Filter>sources\Collision</Filter>
    </ClInclude>
    <ClInclude Include="sources\trail.h">
      <Filter>sources\Effects</Filter>
    </ClInclude>
    <ClInclude Include="sources\shader.h">
      <Filter>sources\Shader</Filter>
    </ClInclude>
    <ClInclude Include="sources\lambert_shader.h">
      <Filter>sources\Shader</Filter>
    </ClInclude>
    <ClInclude Include="sources\model_resource.h">
      <Filter>sources\Models</Filter>
    </ClInclude>
    <ClInclude Include="sources\g_buffer.h">
      <Filter>sources\Graphics</Filter>
    </ClInclude>
    <ClInclude Include="sources\deferred_renderer.h">
      <Filter>sources\Graphics</Filter>
    </ClInclude>
    <ClInclude Include="sources\sky_box.h">
      <Filter>sources\Stage</Filter>
    </ClInclude>
    <ClInclude Include="sources\PBR_shader.h">
      <Filter>sources\Shader</Filter>
    </ClInclude>
    <ClInclude Include="sources\stage_main.h">
      <Filter>sources\Stage</Filter>
    </ClInclude>
    <ClInclude Include="sources\stage_manager.h">
      <Filter>sources\Stage</Filter>
    </ClInclude>
    <ClInclude Include="external\imgui\imconfig.h">
      <Filter>imgui</Filter>
    </ClInclude>
    <ClInclude Include="external\imgui\imgui.h">
      <Filter>imgui</Filter>
    </ClInclude>
    <ClInclude Include="external\imgui\imgui_impl_dx11.h">
      <Filter>imgui</Filter>
    </ClInclude>
    <ClInclude Include="external\imgui\imgui_impl_win32.h">
      <Filter>imgui</Filter>
    </ClInclude>
    <ClInclude Include="external\imgui\imgui_internal.h">
      <Filter>imgui</Filter>
    </ClInclude>
    <ClInclude Include="external\imgui\imstb_rectpack.h">
      <Filter>imgui</Filter>
    </ClInclude>
    <ClInclude Include="external\imgui\imstb_textedit.h">
      <Filter>imgui</Filter>
    </ClInclude>
    <ClInclude Include="external\imgui\imstb_truetype.h">
      <Filter>imgui</Filter>
    </ClInclude>
    <ClInclude Include="sources\particle.h">
      <Filter>sources\Effects\Particle</Filter>
    </ClInclude>
    <ClInclude Include="sources\thunder.h">
      <Filter>sources\Effects\Thunder</Filter>
    </ClInclude>
    <ClInclude Include="sources\camera.h">
      <Filter>sources\Camera</Filter>
    </ClInclude>
    <ClInclude Include="sources\mesh_shader.h">
      <Filter>sources\Shader</Filter>
    </ClInclude>
    <ClInclude Include="sources\player.h">
      <Filter>sources\Charactor\Player</Filter>
    </ClInclude>
    <ClInclude Include="sources\boss.h">
      <Filter>sources\Charactor\Boss</Filter>
    </ClInclude>
    <ClInclude Include="sources\bloom.h">
      <Filter>sources\Effects\PostEffects</Filter>
    </ClInclude>
    <ClInclude Include="sources\post_effects.h">
      <Filter>sources\Effects\PostEffects</Filter>
    </ClInclude>
    <ClInclude Include="sources\light.h">
      <Filter>sources\Light</Filter>
    </ClInclude>
    <ClInclude Include="sources\light_manager.h">
      <Filter>sources\Light</Filter>
    </ClInclude>
    <ClInclude Include="sources\boss_charge_attack.h">
      <Filter>sources\Charactor\Boss\Attack\ChargeAttack</Filter>
    </ClInclude>
    <ClInclude Include="sources\debug_figures.h">
      <Filter>sources\Debug</Filter>
    </ClInclude>
    <ClInclude Include="sources\debug_flag.h">
      <Filter>sources\Debug</Filter>
    </ClInclude>
    <ClInclude Include="sources\generic_frequent_entities.h">
      <Filter>sources\Framework</Filter>
    </ClInclude>
    <ClInclude Include="sources\sword.h">
      <Filter>sources\Wepon</Filter>
    </ClInclude>
    <ClInclude Include="sources\skill_physical_up.h">
      <Filter>sources\Skill\PhycicalUp</Filter>
    </ClInclude>
    <ClInclude Include="sources\skill_regenerate.h">
      <Filter>sources\Skill\Regenerate</Filter>
    </ClInclude>
    <ClInclude Include="sources\skill_restraint.h">
      <Filter>sources\Skill\Restraint</Filter>
    </ClInclude>
    <ClInclude Include="sources\skill_magic_bullet.h">
      <Filter>sources\Skill\MagicBullet</Filter>
    </ClInclude>
    <ClInclude Include="sources\skill_spears_sea.h">
      <Filter>sources\Skill\SpearsSea</Filter>
    </ClInclude>
    <ClInclude Include="sources\skill_ui.h">
      <Filter>sources\Skill\SkillUI</Filter>
    </ClInclude>
    <ClInclude Include="sources\skill_launcher.h">
      <Filter>sources\Skill\BaseClass</Filter>
    </ClInclude>
    <ClInclude Include="sources\primitive.h">
      <Filter>sources\Collision</Filter>
    </ClInclude>
    <ClInclude Include="sources\damage_func.h">
      <Filter>sources\Charactor</Filter>
    </ClInclude>
    <ClInclude Include="sources\magic_bullet_launcher.h">
      <Filter>sources\Skill\MagicBullet</Filter>
    </ClInclude>
    <ClInclude Include="sources\physical_up_launcher.h">
      <Filter>sources\Skill\PhycicalUp</Filter>
    </ClInclude>
    <ClInclude Include="sources\regenerate_launcher.h">
      <Filter>sources\Skill\Regenerate</Filter>
    </ClInclude>
    <ClInclude Include="sources\restraint_launcher.h">
      <Filter>sources\Skill\Restraint</Filter>
    </ClInclude>
    <ClInclude Include="sources\spears_sea_launcher.h">
      <Filter>sources\Skill\SpearsSea</Filter>
    </ClInclude>
    <ClInclude Include="sources\skill.h">
      <Filter>sources\Skill\BaseClass</Filter>
    </ClInclude>
    <ClInclude Include="sources\skill_manager.h">
      <Filter>sources\Skill\Manager</Filter>
    </ClInclude>
    <ClInclude Include="sources\framebuffer.h">
      <Filter>sources\Graphics</Filter>
    </ClInclude>
    <ClInclude Include="sources\texture.h">
      <Filter>sources\Sprite</Filter>
    </ClInclude>
    <ClInclude Include="sources\resource_manager.h">
      <Filter>sources\ResourceManager</Filter>
    </ClInclude>
    <ClInclude Include="sources\user.h">
      <Filter>sources\User</Filter>
    </ClInclude>
    <ClInclude Include="sources\Operators.h">
      <Filter>sources\User</Filter>
    </ClInclude>
    <ClInclude Include="sources\move_behavior.h">
      <Filter>sources\Charactor</Filter>
    </ClInclude>
    <ClInclude Include="sources\constant.h">
      <Filter>sources\Constant</Filter>
    </ClInclude>
    <ClInclude Include="sources\imgui_include.h">
      <Filter>sources\User</Filter>
    </ClInclude>
    <ClInclude Include="sources\shadow_map_shader.h">
      <Filter>sources\Shader</Filter>
    </ClInclude>
    <ClInclude Include="sources\mesh_effect.h">
      <Filter>sources\Effects\MeshEffect</Filter>
    </ClInclude>
    <ClInclude Include="sources\noise.h">
      <Filter>sources\User</Filter>
    </ClInclude>
    <ClInclude Include="sources\instancing_mesh.h">
      <Filter>sources\Models</Filter>
    </ClInclude>
    <ClInclude Include="sources\instance_mesh_effect.h">
      <Filter>sources\Effects\MeshEffect</Filter>
    </ClInclude>
    <ClInclude Include="sources\boss_ui.h">
      <Filter>sources\Charactor\Boss</Filter>
    </ClInclude>
    <ClInclude Include="sources\UI.h">
      <Filter>sources\UI</Filter>
    </ClInclude>
    <ClInclude Include="sources\gauge_ui.h">
      <Filter>sources\UI</Filter>
    </ClInclude>
    <ClInclude Include="sources\player_ui.h">
      <Filter>sources\Charactor\Player</Filter>
    </ClInclude>
    <ClInclude Include="sources\meteore.h">
      <Filter>sources\Charactor\Boss\Attack\Meteorite</Filter>
    </ClInclude>
    <ClInclude Include="sources\material_manager.h">
      <Filter>sources\Material\Manager</Filter>
    </ClInclude>
    <ClInclude Include="sources\material.h">
      <Filter>sources\Material\Base</Filter>
    </ClInclude>
    <ClInclude Include="sources\mat_fire_distortion.h">
      <Filter>sources\Material\FireDistortion</Filter>
    </ClInclude>
    <ClInclude Include="sources\mat_meteore.h">
      <Filter>sources\Material\Meteore</Filter>
    </ClInclude>
    <ClInclude Include="sources\tutorial.h">
      <Filter>sources\Tutorial</Filter>
    </ClInclude>
    <ClInclude Include="sources\emitter.h">
      <Filter>sources\Effects\Particle</Filter>
    </ClInclude>
    <ClInclude Include="sources\coordinate_convert.h">
      <Filter>sources\User</Filter>
    </ClInclude>
    <ClInclude Include="sources\field_spark_particle.h">
      <Filter>sources\Effects\Particle\GPUParticle</Filter>
    </ClInclude>
    <ClInclude Include="sources\gpu_particle.h">
      <Filter>sources\Effects\Particle\GPUParticle</Filter>
    </ClInclude>
    <ClInclude Include="sources\object_particle.h">
      <Filter>sources\Effects\Particle\GPUParticle</Filter>
    </ClInclude>
    <ClInclude Include="sources\skin_particles.h">
      <Filter>sources\Effects\Particle\GPUParticle</Filter>
    </ClInclude>
    <ClInclude Include="sources\particle_system.h">
      <Filter>sources\Effects\Particle</Filter>
    </ClInclude>
    <ClInclude Include="sources\mat_lightning.h">
      <Filter>sources\Material\Thunder</Filter>
    </ClInclude>
    <ClInclude Include="sources\boss_attack_skill1.h">
      <Filter>sources\Charactor\Boss\Attack\AttackSkill1</Filter>
    </ClInclude>
    <ClInclude Include="sources\boss_attack_skill3.h">
      <Filter>sources\Charactor\Boss\Attack\AttackSkill3</Filter>
    </ClInclude>
    <ClInclude Include="sources\sprite_emitter.h">
      <Filter>sources\Effects\Particle\SpriteEmitter</Filter>
    </ClInclude>
    <ClInclude Include="sources\scene_tutorial.h">
      <Filter>sources\Scene</Filter>
    </ClInclude>
    <ClInclude Include="sources\skill_lightning_rain.h">
      <Filter>sources\Skill\LightningRain</Filter>
    </ClInclude>
    <ClInclude Include="sources\lightning_rain_launcher.h">
      <Filter>sources\Skill\LightningRain</Filter>
    </ClInclude>
    <ClInclude Include="sources\skill_slash_wave.h">
      <Filter>sources\Skill\SlashWave</Filter>
    </ClInclude>
    <ClInclude Include="sources\slash_wave_launcher.h">
      <Filter>sources\Skill\SlashWave</Filter>
    </ClInclude>
  </ItemGroup>
  <ItemGroup>
    <FxCompile Include="HLSL\sprite_ps.hlsl">
      <Filter>Shaders\Sprite</Filter>
    </FxCompile>
    <FxCompile Include="HLSL\sprite_vs.hlsl">
      <Filter>Shaders\Sprite</Filter>
    </FxCompile>
    <FxCompile Include="HLSL\luminance_extraction_ps.hlsl">
      <Filter>Shaders\Effect\PostEffect</Filter>
    </FxCompile>
    <FxCompile Include="HLSL\fullscreen_quad_vs.hlsl">
      <Filter>Shaders\Effect\PostEffect</Filter>
    </FxCompile>
    <FxCompile Include="HLSL\fullscreen_quad_ps.hlsl">
      <Filter>Shaders\Effect\PostEffect</Filter>
    </FxCompile>
    <FxCompile Include="HLSL\blur_ps.hlsl">
      <Filter>Shaders\Effect\PostEffect</Filter>
    </FxCompile>
    <FxCompile Include="HLSL\sprite_dissolve_vs.hlsl">
      <Filter>Shaders\Sprite</Filter>
    </FxCompile>
    <FxCompile Include="HLSL\sprite_dissolve_ps.hlsl">
      <Filter>Shaders\Sprite</Filter>
    </FxCompile>
    <FxCompile Include="HLSL\noisy_signal_ps.hlsl">
      <Filter>Shaders\Effect\PostEffect</Filter>
    </FxCompile>
    <FxCompile Include="HLSL\radial_blur_ps.hlsl">
      <Filter>Shaders\Effect\PostEffect</Filter>
    </FxCompile>
    <FxCompile Include="HLSL\radial_blur_vs.hlsl">
      <Filter>Shaders\Effect\PostEffect</Filter>
    </FxCompile>
    <FxCompile Include="HLSL\default_mesh_ps.hlsl">
      <Filter>Shaders\Mesh\default</Filter>
    </FxCompile>
    <FxCompile Include="HLSL\default_mesh_vs.hlsl">
      <Filter>Shaders\Mesh\default</Filter>
    </FxCompile>
    <FxCompile Include="HLSL\static_mesh_ps.hlsl">
      <Filter>Shaders\Mesh\static</Filter>
    </FxCompile>
    <FxCompile Include="HLSL\static_mesh_vs.hlsl">
      <Filter>Shaders\Mesh\static</Filter>
    </FxCompile>
    <FxCompile Include="HLSL\object_mesh_ps.hlsl">
      <Filter>Shaders\Mesh\object</Filter>
    </FxCompile>
    <FxCompile Include="HLSL\object_mesh_vs.hlsl">
      <Filter>Shaders\Mesh\object</Filter>
    </FxCompile>
    <FxCompile Include="HLSL\object_mesh_gs.hlsl">
      <Filter>Shaders\Mesh\object</Filter>
    </FxCompile>
    <FxCompile Include="HLSL\ramp_shader_ps.hlsl">
      <Filter>Shaders\Mesh\ramp</Filter>
    </FxCompile>
    <FxCompile Include="HLSL\ramp_shader_vs.hlsl">
      <Filter>Shaders\Mesh\ramp</Filter>
    </FxCompile>
    <FxCompile Include="HLSL\lambert_ps.hlsl">
      <Filter>Shaders\Effect\PostEffect</Filter>
    </FxCompile>
    <FxCompile Include="HLSL\aura_ps.hlsl">
      <Filter>Shaders\Effect\MeshEffect</Filter>
    </FxCompile>
    <FxCompile Include="HLSL\mesh_effect_vs.hlsl">
      <Filter>Shaders\Effect\MeshEffect</Filter>
    </FxCompile>
    <FxCompile Include="HLSL\color_filter_ps.hlsl">
      <Filter>Shaders\Effect\PostEffect</Filter>
    </FxCompile>
    <FxCompile Include="HLSL\final_sprite_ps.hlsl">
      <Filter>Shaders\defferd</Filter>
    </FxCompile>
    <FxCompile Include="HLSL\deferred_light.hlsl">
      <Filter>Shaders\defferd</Filter>
    </FxCompile>
    <FxCompile Include="HLSL\dfferd_default_mesh_ps.hlsl">
      <Filter>Shaders\defferd</Filter>
    </FxCompile>
    <FxCompile Include="HLSL\deferred_PBR_ps.hlsl">
      <Filter>Shaders\defferd</Filter>
    </FxCompile>
    <FxCompile Include="HLSL\PBR_ps.hlsl">
      <Filter>Shaders\Mesh\PBR</Filter>
    </FxCompile>
    <FxCompile Include="HLSL\IBL_ps.hlsl">
      <Filter>Shaders\Mesh\PBR</Filter>
    </FxCompile>
    <FxCompile Include="HLSL\Defferd_IBL_ps.hlsl">
      <Filter>Shaders\defferd</Filter>
    </FxCompile>
    <FxCompile Include="HLSL\post_effects.hlsl">
      <Filter>Shaders\Effect\PostEffect</Filter>
    </FxCompile>
    <FxCompile Include="HLSL\gaussian_blur_convolution_ps.hlsl">
      <Filter>Shaders\Effect\PostEffect\Gauss</Filter>
    </FxCompile>
    <FxCompile Include="HLSL\gaussian_blur_downsampling_ps.hlsl">
      <Filter>Shaders\Effect\PostEffect\Gauss</Filter>
    </FxCompile>
    <FxCompile Include="HLSL\gaussian_blur_horizontal_ps.hlsl">
      <Filter>Shaders\Effect\PostEffect\Gauss</Filter>
    </FxCompile>
    <FxCompile Include="HLSL\gaussian_blur_vertical_ps.hlsl">
      <Filter>Shaders\Effect\PostEffect\Gauss</Filter>
    </FxCompile>
    <FxCompile Include="HLSL\bloom_extraction_ps.hlsl">
      <Filter>Shaders\Effect\PostEffect\Gauss</Filter>
    </FxCompile>
    <FxCompile Include="HLSL\deferred_env_light.hlsl">
      <Filter>Shaders\defferd</Filter>
    </FxCompile>
    <FxCompile Include="HLSL\deferred_composite_light.hlsl">
      <Filter>Shaders\defferd</Filter>
    </FxCompile>
    <FxCompile Include="HLSL\tone_map_ps.hlsl">
      <Filter>Shaders\Effect\PostEffect</Filter>
    </FxCompile>
    <FxCompile Include="HLSL\field_spark_particles_cs.hlsl">
      <Filter>Shaders\Effect\Particle\FieldSpark</Filter>
    </FxCompile>
    <FxCompile Include="HLSL\field_spark_particles_gs.hlsl">
      <Filter>Shaders\Effect\Particle\FieldSpark</Filter>
    </FxCompile>
    <FxCompile Include="HLSL\field_spark_particles_ps.hlsl">
      <Filter>Shaders\Effect\Particle\FieldSpark</Filter>
    </FxCompile>
    <FxCompile Include="HLSL\slash_ps.hlsl">
      <Filter>Shaders\Effect\Slash</Filter>
    </FxCompile>
    <FxCompile Include="HLSL\slash_vs.hlsl">
      <Filter>Shaders\Effect\Slash</Filter>
    </FxCompile>
    <FxCompile Include="HLSL\boss_charge_attack_emit.hlsl">
      <Filter>Shaders\Effect\BossEffect\ChargeAttack</Filter>
    </FxCompile>
    <FxCompile Include="HLSL\boss_charge_attack_update.hlsl">
      <Filter>Shaders\Effect\BossEffect\ChargeAttack</Filter>
    </FxCompile>
    <FxCompile Include="HLSL\player_skill1_emit_cs.hlsl">
      <Filter>Shaders\Effect\PlayerEffect</Filter>
    </FxCompile>
    <FxCompile Include="HLSL\player_skill1_update_cs.hlsl">
      <Filter>Shaders\Effect\PlayerEffect</Filter>
    </FxCompile>
    <FxCompile Include="HLSL\debug_figure_ps.hlsl">
      <Filter>Shaders\debug</Filter>
    </FxCompile>
    <FxCompile Include="HLSL\debug_figure_vs.hlsl">
      <Filter>Shaders\debug</Filter>
    </FxCompile>
    <FxCompile Include="HLSL\wave_ps.hlsl">
      <Filter>Shaders\Effect</Filter>
    </FxCompile>
    <FxCompile Include="HLSL\fire_ps.hlsl">
      <Filter>Shaders\Effect\Fire</Filter>
    </FxCompile>
    <FxCompile Include="HLSL\cell_fire_ps.hlsl">
      <Filter>Shaders\Effect\Fire</Filter>
    </FxCompile>
    <FxCompile Include="HLSL\fire_distortion.hlsl">
      <Filter>Shaders\Effect\Fire</Filter>
    </FxCompile>
    <FxCompile Include="HLSL\shadow_map_ps.hlsl">
      <Filter>Shaders\Mesh\shadow</Filter>
    </FxCompile>
    <FxCompile Include="HLSL\shadow_map_vs.hlsl">
      <Filter>Shaders\Mesh\shadow</Filter>
    </FxCompile>
    <FxCompile Include="HLSL\deferred_light_shadow.hlsl">
      <Filter>Shaders\defferd</Filter>
    </FxCompile>
    <FxCompile Include="HLSL\geometric_primitive_ps.hlsl">
      <Filter>Shaders\Mesh\geometry</Filter>
    </FxCompile>
    <FxCompile Include="HLSL\geometric_primitive_vs.hlsl">
      <Filter>Shaders\Mesh\geometry</Filter>
    </FxCompile>
    <FxCompile Include="HLSL\default_ps.hlsl">
      <Filter>Shaders\Mesh\default</Filter>
    </FxCompile>
    <FxCompile Include="HLSL\instancing_mesh_vs.hlsl">
      <Filter>Shaders\Mesh\instancing</Filter>
    </FxCompile>
    <FxCompile Include="HLSL\gpu_particles_cs.hlsl">
      <Filter>Shaders\Effect\Particle\gpu_particle</Filter>
    </FxCompile>
    <FxCompile Include="HLSL\gpu_particles_emit_cs.hlsl">
      <Filter>Shaders\Effect\Particle\gpu_particle</Filter>
    </FxCompile>
    <FxCompile Include="HLSL\gpu_particles_gs.hlsl">
      <Filter>Shaders\Effect\Particle\gpu_particle</Filter>
    </FxCompile>
    <FxCompile Include="HLSL\gpu_particles_init_cs.hlsl">
      <Filter>Shaders\Effect\Particle\gpu_particle</Filter>
    </FxCompile>
    <FxCompile Include="HLSL\gpu_particles_ps.hlsl">
      <Filter>Shaders\Effect\Particle\gpu_particle</Filter>
    </FxCompile>
    <FxCompile Include="HLSL\gpu_particles_update_cs.hlsl">
      <Filter>Shaders\Effect\Particle\gpu_particle</Filter>
    </FxCompile>
    <FxCompile Include="HLSL\gpu_particles_vs.hlsl">
      <Filter>Shaders\Effect\Particle\gpu_particle</Filter>
    </FxCompile>
    <FxCompile Include="HLSL\object_particles_copy_buffer_cs.hlsl">
      <Filter>Shaders\Effect\Particle\object_particle</Filter>
    </FxCompile>
    <FxCompile Include="HLSL\object_particles_cs.hlsl">
      <Filter>Shaders\Effect\Particle\object_particle</Filter>
    </FxCompile>
    <FxCompile Include="HLSL\meteore_core.hlsl">
      <Filter>Shaders\Effect\Fire</Filter>
    </FxCompile>
    <FxCompile Include="HLSL\hit_effect_emit_cs.hlsl">
      <Filter>Shaders\Effect\Player\HitEffect</Filter>
    </FxCompile>
    <FxCompile Include="HLSL\hit_effect_update_cs.hlsl">
      <Filter>Shaders\Effect\Player\HitEffect</Filter>
    </FxCompile>
    <FxCompile Include="HLSL\sprite_particle_vs.hlsl">
      <Filter>Shaders\Effect\Particle\sprite_particle</Filter>
    </FxCompile>
    <FxCompile Include="HLSL\sprite_particle_ps.hlsl">
      <Filter>Shaders\Effect\Particle\sprite_particle</Filter>
    </FxCompile>
    <FxCompile Include="HLSL\sprite_particle_gs.hlsl">
      <Filter>Shaders\Effect\Particle\sprite_particle</Filter>
    </FxCompile>
    <FxCompile Include="HLSL\lightning.hlsl">
      <Filter>Shaders\Effect</Filter>
    </FxCompile>
    <FxCompile Include="HLSL\title_logo.hlsl">
      <Filter>Shaders\Title</Filter>
    </FxCompile>
  </ItemGroup>
  <ItemGroup>
    <None Include="HLSL\sprite.hlsli">
      <Filter>Shaders\Sprite</Filter>
    </None>
    <None Include="HLSL\fullscreen_quad.hlsli">
      <Filter>Shaders\Effect\PostEffect</Filter>
    </None>
    <None Include="HLSL\sprite_dissolve.hlsli">
      <Filter>Shaders\Sprite</Filter>
    </None>
    <None Include="HLSL\default_mesh.hlsli">
      <Filter>Shaders\Mesh\default</Filter>
    </None>
    <None Include="HLSL\static_mesh.hlsli">
      <Filter>Shaders\Mesh\static</Filter>
    </None>
    <None Include="HLSL\object_mesh.hlsli">
      <Filter>Shaders\Mesh\object</Filter>
    </None>
    <None Include="HLSL\ramp_shader.hlsli">
      <Filter>Shaders\Mesh\ramp</Filter>
    </None>
    <None Include="HLSL\mesh_effect.hlsli">
      <Filter>Shaders\Effect\MeshEffect</Filter>
    </None>
    <None Include="HLSL\PBR_function.hlsli">
      <Filter>Shaders\Mesh\PBR</Filter>
    </None>
    <None Include="HLSL\field_spark_particles.hlsli">
      <Filter>Shaders\Effect\Particle\FieldSpark</Filter>
    </None>
    <None Include="HLSL\boss_charge_attack.hlsli">
      <Filter>Shaders\Effect\BossEffect\ChargeAttack</Filter>
    </None>
    <None Include="HLSL\debug_figure.hlsli">
      <Filter>Shaders\debug</Filter>
    </None>
    <None Include="HLSL\noise.hlsli">
      <Filter>Shaders\Effect</Filter>
    </None>
    <None Include="HLSL\shading_functions.hlsli">
      <Filter>Shaders\Mesh</Filter>
    </None>
    <None Include="HLSL\constants.hlsli">
      <Filter>Shaders\Constant</Filter>
    </None>
    <None Include="HLSL\shadow_map.hlsli">
      <Filter>Shaders\Mesh\shadow</Filter>
    </None>
    <None Include="HLSL\geometric_primitive.hlsli">
      <Filter>Shaders\Mesh\geometry</Filter>
    </None>
    <None Include="HLSL\instancing_mesh.hlsli">
      <Filter>Shaders\Mesh\instancing</Filter>
    </None>
    <None Include="HLSL\math.hlsli">
      <Filter>Shaders</Filter>
    </None>
    <None Include="HLSL\gpu_particles.hlsli">
      <Filter>Shaders\Effect\Particle\gpu_particle</Filter>
    </None>
    <None Include="HLSL\object_particles.hlsli">
      <Filter>Shaders\Effect\Particle\object_particle</Filter>
    </None>
    <None Include="HLSL\sprite_particle.hlsli">
      <Filter>Shaders\Effect\Particle\sprite_particle</Filter>
    </None>
  </ItemGroup>
  <ItemGroup>
    <Text Include="memo.txt">
      <Filter>sources\User</Filter>
    </Text>
  </ItemGroup>
</Project>